// !$*UTF8*$!
{
	archiveVersion = 1;
	classes = {
	};
	objectVersion = 50;
	objects = {

/* Begin PBXBuildFile section */
		A70B34EB244A8F74009BD022 /* LeoRoomObjectDetector.mlmodel in Sources */ = {isa = PBXBuildFile; fileRef = A70B34EA244A8F74009BD022 /* LeoRoomObjectDetector.mlmodel */; };
		A77A9402244B6CEB007D34B6 /* VisionClassification.swift in Sources */ = {isa = PBXBuildFile; fileRef = A77A9401244B6CEB007D34B6 /* VisionClassification.swift */; };
		A77A9408244B9983007D34B6 /* Utilities.swift in Sources */ = {isa = PBXBuildFile; fileRef = A77A9407244B9983007D34B6 /* Utilities.swift */; };
		A77A940A244BD389007D34B6 /* ARHandler.swift in Sources */ = {isa = PBXBuildFile; fileRef = A77A9409244BD389007D34B6 /* ARHandler.swift */; };
		A7F1BB4C244A38F000649441 /* AppDelegate.swift in Sources */ = {isa = PBXBuildFile; fileRef = A7F1BB4B244A38F000649441 /* AppDelegate.swift */; };
		A7F1BB4E244A38F000649441 /* art.scnassets in Resources */ = {isa = PBXBuildFile; fileRef = A7F1BB4D244A38F000649441 /* art.scnassets */; };
		A7F1BB50244A38F000649441 /* ViewController.swift in Sources */ = {isa = PBXBuildFile; fileRef = A7F1BB4F244A38F000649441 /* ViewController.swift */; };
		A7F1BB53244A38F000649441 /* Main.storyboard in Resources */ = {isa = PBXBuildFile; fileRef = A7F1BB51244A38F000649441 /* Main.storyboard */; };
		A7F1BB55244A38F400649441 /* Assets.xcassets in Resources */ = {isa = PBXBuildFile; fileRef = A7F1BB54244A38F400649441 /* Assets.xcassets */; };
		A7F1BB58244A38F400649441 /* LaunchScreen.storyboard in Resources */ = {isa = PBXBuildFile; fileRef = A7F1BB56244A38F400649441 /* LaunchScreen.storyboard */; };
/* End PBXBuildFile section */

/* Begin PBXFileReference section */
		A70B34EA244A8F74009BD022 /* LeoRoomObjectDetector.mlmodel */ = {isa = PBXFileReference; lastKnownFileType = file.mlmodel; path = LeoRoomObjectDetector.mlmodel; sourceTree = "<group>"; };
		A77A9401244B6CEB007D34B6 /* VisionClassification.swift */ = {isa = PBXFileReference; lastKnownFileType = sourcecode.swift; path = VisionClassification.swift; sourceTree = "<group>"; };
		A77A9407244B9983007D34B6 /* Utilities.swift */ = {isa = PBXFileReference; lastKnownFileType = sourcecode.swift; path = Utilities.swift; sourceTree = "<group>"; };
		A77A9409244BD389007D34B6 /* ARHandler.swift */ = {isa = PBXFileReference; lastKnownFileType = sourcecode.swift; path = ARHandler.swift; sourceTree = "<group>"; };
		A7C64AF2244E06B700EEEAE7 /* Senna.mp4 */ = {isa = PBXFileReference; lastKnownFileType = file; path = Senna.mp4; sourceTree = "<group>"; };
		A7F1BB48244A38F000649441 /* Leo Useless App.app */ = {isa = PBXFileReference; explicitFileType = wrapper.application; includeInIndex = 0; path = "Leo Useless App.app"; sourceTree = BUILT_PRODUCTS_DIR; };
		A7F1BB4B244A38F000649441 /* AppDelegate.swift */ = {isa = PBXFileReference; lastKnownFileType = sourcecode.swift; path = AppDelegate.swift; sourceTree = "<group>"; };
		A7F1BB4D244A38F000649441 /* art.scnassets */ = {isa = PBXFileReference; lastKnownFileType = wrapper.scnassets; path = art.scnassets; sourceTree = "<group>"; };
		A7F1BB4F244A38F000649441 /* ViewController.swift */ = {isa = PBXFileReference; lastKnownFileType = sourcecode.swift; path = ViewController.swift; sourceTree = "<group>"; };
		A7F1BB52244A38F000649441 /* Base */ = {isa = PBXFileReference; lastKnownFileType = file.storyboard; name = Base; path = Base.lproj/Main.storyboard; sourceTree = "<group>"; };
		A7F1BB54244A38F400649441 /* Assets.xcassets */ = {isa = PBXFileReference; lastKnownFileType = folder.assetcatalog; path = Assets.xcassets; sourceTree = "<group>"; };
		A7F1BB57244A38F400649441 /* Base */ = {isa = PBXFileReference; lastKnownFileType = file.storyboard; name = Base; path = Base.lproj/LaunchScreen.storyboard; sourceTree = "<group>"; };
		A7F1BB59244A38F400649441 /* Info.plist */ = {isa = PBXFileReference; lastKnownFileType = text.plist.xml; path = Info.plist; sourceTree = "<group>"; };
/* End PBXFileReference section */

/* Begin PBXFrameworksBuildPhase section */
		A7F1BB45244A38F000649441 /* Frameworks */ = {
			isa = PBXFrameworksBuildPhase;
			buildActionMask = 2147483647;
			files = (
			);
			runOnlyForDeploymentPostprocessing = 0;
		};
/* End PBXFrameworksBuildPhase section */

/* Begin PBXGroup section */
		A70B350C244A9466009BD022 /* Controller */ = {
			isa = PBXGroup;
			children = (
				A7F1BB4F244A38F000649441 /* ViewController.swift */,
				A77A9401244B6CEB007D34B6 /* VisionClassification.swift */,
				A77A9409244BD389007D34B6 /* ARHandler.swift */,
				A77A9407244B9983007D34B6 /* Utilities.swift */,
			);
			path = Controller;
			sourceTree = "<group>";
		};
		A7F1BB3F244A38F000649441 = {
			isa = PBXGroup;
			children = (
				A7F1BB4A244A38F000649441 /* Leo Useless App */,
				A7F1BB49244A38F000649441 /* Products */,
			);
			sourceTree = "<group>";
		};
		A7F1BB49244A38F000649441 /* Products */ = {
			isa = PBXGroup;
			children = (
				A7F1BB48244A38F000649441 /* Leo Useless App.app */,
			);
			name = Products;
			sourceTree = "<group>";
		};
		A7F1BB4A244A38F000649441 /* Leo Useless App */ = {
			isa = PBXGroup;
			children = (
				A7F1BB4B244A38F000649441 /* AppDelegate.swift */,
				A7F1BB4D244A38F000649441 /* art.scnassets */,
				A70B350C244A9466009BD022 /* Controller */,
				A7F1BB51244A38F000649441 /* Main.storyboard */,
				A7F1BB54244A38F400649441 /* Assets.xcassets */,
				A70B34EA244A8F74009BD022 /* LeoRoomObjectDetector.mlmodel */,
				A7C64AF2244E06B700EEEAE7 /* Senna.mp4 */,
				A7F1BB56244A38F400649441 /* LaunchScreen.storyboard */,
				A7F1BB59244A38F400649441 /* Info.plist */,
			);
			path = "Leo Useless App";
			sourceTree = "<group>";
		};
/* End PBXGroup section */

/* Begin PBXNativeTarget section */
		A7F1BB47244A38F000649441 /* Leo Useless App */ = {
			isa = PBXNativeTarget;
			buildConfigurationList = A7F1BB5C244A38F400649441 /* Build configuration list for PBXNativeTarget "Leo Useless App" */;
			buildPhases = (
				A7F1BB44244A38F000649441 /* Sources */,
				A7F1BB45244A38F000649441 /* Frameworks */,
				A7F1BB46244A38F000649441 /* Resources */,
			);
			buildRules = (
			);
			dependencies = (
			);
			name = "Leo Useless App";
			productName = "Leo Useless App";
			productReference = A7F1BB48244A38F000649441 /* Leo Useless App.app */;
			productType = "com.apple.product-type.application";
		};
/* End PBXNativeTarget section */

/* Begin PBXProject section */
		A7F1BB40244A38F000649441 /* Project object */ = {
			isa = PBXProject;
			attributes = {
				LastSwiftUpdateCheck = 1140;
				LastUpgradeCheck = 1140;
				ORGANIZATIONNAME = "Leonardo Oliveira";
				TargetAttributes = {
					A7F1BB47244A38F000649441 = {
						CreatedOnToolsVersion = 11.4.1;
					};
				};
			};
			buildConfigurationList = A7F1BB43244A38F000649441 /* Build configuration list for PBXProject "Leo Useless App" */;
			compatibilityVersion = "Xcode 9.3";
			developmentRegion = en;
			hasScannedForEncodings = 0;
			knownRegions = (
				en,
				Base,
			);
			mainGroup = A7F1BB3F244A38F000649441;
			productRefGroup = A7F1BB49244A38F000649441 /* Products */;
			projectDirPath = "";
			projectRoot = "";
			targets = (
				A7F1BB47244A38F000649441 /* Leo Useless App */,
			);
		};
/* End PBXProject section */

/* Begin PBXResourcesBuildPhase section */
		A7F1BB46244A38F000649441 /* Resources */ = {
			isa = PBXResourcesBuildPhase;
			buildActionMask = 2147483647;
			files = (
				A7F1BB4E244A38F000649441 /* art.scnassets in Resources */,
				A7F1BB58244A38F400649441 /* LaunchScreen.storyboard in Resources */,
				A7F1BB55244A38F400649441 /* Assets.xcassets in Resources */,
				A7F1BB53244A38F000649441 /* Main.storyboard in Resources */,
			);
			runOnlyForDeploymentPostprocessing = 0;
		};
/* End PBXResourcesBuildPhase section */

/* Begin PBXSourcesBuildPhase section */
		A7F1BB44244A38F000649441 /* Sources */ = {
			isa = PBXSourcesBuildPhase;
			buildActionMask = 2147483647;
			files = (
				A77A9408244B9983007D34B6 /* Utilities.swift in Sources */,
				A70B34EB244A8F74009BD022 /* LeoRoomObjectDetector.mlmodel in Sources */,
				A77A9402244B6CEB007D34B6 /* VisionClassification.swift in Sources */,
				A7F1BB50244A38F000649441 /* ViewController.swift in Sources */,
				A7F1BB4C244A38F000649441 /* AppDelegate.swift in Sources */,
				A77A940A244BD389007D34B6 /* ARHandler.swift in Sources */,
			);
			runOnlyForDeploymentPostprocessing = 0;
		};
/* End PBXSourcesBuildPhase section */

/* Begin PBXVariantGroup section */
		A7F1BB51244A38F000649441 /* Main.storyboard */ = {
			isa = PBXVariantGroup;
			children = (
				A7F1BB52244A38F000649441 /* Base */,
			);
			name = Main.storyboard;
			sourceTree = "<group>";
		};
		A7F1BB56244A38F400649441 /* LaunchScreen.storyboard */ = {
			isa = PBXVariantGroup;
			children = (
				A7F1BB57244A38F400649441 /* Base */,
			);
			name = LaunchScreen.storyboard;
			sourceTree = "<group>";
		};
/* End PBXVariantGroup section */

/* Begin XCBuildConfiguration section */
		A7F1BB5A244A38F400649441 /* Debug */ = {
			isa = XCBuildConfiguration;
			buildSettings = {
				ALWAYS_SEARCH_USER_PATHS = NO;
				CLANG_ANALYZER_NONNULL = YES;
				CLANG_ANALYZER_NUMBER_OBJECT_CONVERSION = YES_AGGRESSIVE;
				CLANG_CXX_LANGUAGE_STANDARD = "gnu++14";
				CLANG_CXX_LIBRARY = "libc++";
				CLANG_ENABLE_MODULES = YES;
				CLANG_ENABLE_OBJC_ARC = YES;
				CLANG_ENABLE_OBJC_WEAK = YES;
				CLANG_WARN_BLOCK_CAPTURE_AUTORELEASING = YES;
				CLANG_WARN_BOOL_CONVERSION = YES;
				CLANG_WARN_COMMA = YES;
				CLANG_WARN_CONSTANT_CONVERSION = YES;
				CLANG_WARN_DEPRECATED_OBJC_IMPLEMENTATIONS = YES;
				CLANG_WARN_DIRECT_OBJC_ISA_USAGE = YES_ERROR;
				CLANG_WARN_DOCUMENTATION_COMMENTS = YES;
				CLANG_WARN_EMPTY_BODY = YES;
				CLANG_WARN_ENUM_CONVERSION = YES;
				CLANG_WARN_INFINITE_RECURSION = YES;
				CLANG_WARN_INT_CONVERSION = YES;
				CLANG_WARN_NON_LITERAL_NULL_CONVERSION = YES;
				CLANG_WARN_OBJC_IMPLICIT_RETAIN_SELF = YES;
				CLANG_WARN_OBJC_LITERAL_CONVERSION = YES;
				CLANG_WARN_OBJC_ROOT_CLASS = YES_ERROR;
				CLANG_WARN_RANGE_LOOP_ANALYSIS = YES;
				CLANG_WARN_STRICT_PROTOTYPES = YES;
				CLANG_WARN_SUSPICIOUS_MOVE = YES;
				CLANG_WARN_UNGUARDED_AVAILABILITY = YES_AGGRESSIVE;
				CLANG_WARN_UNREACHABLE_CODE = YES;
				CLANG_WARN__DUPLICATE_METHOD_MATCH = YES;
				COPY_PHASE_STRIP = NO;
				DEBUG_INFORMATION_FORMAT = dwarf;
				ENABLE_STRICT_OBJC_MSGSEND = YES;
				ENABLE_TESTABILITY = YES;
				GCC_C_LANGUAGE_STANDARD = gnu11;
				GCC_DYNAMIC_NO_PIC = NO;
				GCC_NO_COMMON_BLOCKS = YES;
				GCC_OPTIMIZATION_LEVEL = 0;
				GCC_PREPROCESSOR_DEFINITIONS = (
					"DEBUG=1",
					"$(inherited)",
				);
				GCC_WARN_64_TO_32_BIT_CONVERSION = YES;
				GCC_WARN_ABOUT_RETURN_TYPE = YES_ERROR;
				GCC_WARN_UNDECLARED_SELECTOR = YES;
				GCC_WARN_UNINITIALIZED_AUTOS = YES_AGGRESSIVE;
				GCC_WARN_UNUSED_FUNCTION = YES;
				GCC_WARN_UNUSED_VARIABLE = YES;
				IPHONEOS_DEPLOYMENT_TARGET = 13.4;
				MTL_ENABLE_DEBUG_INFO = INCLUDE_SOURCE;
				MTL_FAST_MATH = YES;
				ONLY_ACTIVE_ARCH = YES;
				SDKROOT = iphoneos;
				SWIFT_ACTIVE_COMPILATION_CONDITIONS = DEBUG;
				SWIFT_OPTIMIZATION_LEVEL = "-Onone";
			};
			name = Debug;
		};
		A7F1BB5B244A38F400649441 /* Release */ = {
			isa = XCBuildConfiguration;
			buildSettings = {
				ALWAYS_SEARCH_USER_PATHS = NO;
				CLANG_ANALYZER_NONNULL = YES;
				CLANG_ANALYZER_NUMBER_OBJECT_CONVERSION = YES_AGGRESSIVE;
				CLANG_CXX_LANGUAGE_STANDARD = "gnu++14";
				CLANG_CXX_LIBRARY = "libc++";
				CLANG_ENABLE_MODULES = YES;
				CLANG_ENABLE_OBJC_ARC = YES;
				CLANG_ENABLE_OBJC_WEAK = YES;
				CLANG_WARN_BLOCK_CAPTURE_AUTORELEASING = YES;
				CLANG_WARN_BOOL_CONVERSION = YES;
				CLANG_WARN_COMMA = YES;
				CLANG_WARN_CONSTANT_CONVERSION = YES;
				CLANG_WARN_DEPRECATED_OBJC_IMPLEMENTATIONS = YES;
				CLANG_WARN_DIRECT_OBJC_ISA_USAGE = YES_ERROR;
				CLANG_WARN_DOCUMENTATION_COMMENTS = YES;
				CLANG_WARN_EMPTY_BODY = YES;
				CLANG_WARN_ENUM_CONVERSION = YES;
				CLANG_WARN_INFINITE_RECURSION = YES;
				CLANG_WARN_INT_CONVERSION = YES;
				CLANG_WARN_NON_LITERAL_NULL_CONVERSION = YES;
				CLANG_WARN_OBJC_IMPLICIT_RETAIN_SELF = YES;
				CLANG_WARN_OBJC_LITERAL_CONVERSION = YES;
				CLANG_WARN_OBJC_ROOT_CLASS = YES_ERROR;
				CLANG_WARN_RANGE_LOOP_ANALYSIS = YES;
				CLANG_WARN_STRICT_PROTOTYPES = YES;
				CLANG_WARN_SUSPICIOUS_MOVE = YES;
				CLANG_WARN_UNGUARDED_AVAILABILITY = YES_AGGRESSIVE;
				CLANG_WARN_UNREACHABLE_CODE = YES;
				CLANG_WARN__DUPLICATE_METHOD_MATCH = YES;
				COPY_PHASE_STRIP = NO;
				DEBUG_INFORMATION_FORMAT = "dwarf-with-dsym";
				ENABLE_NS_ASSERTIONS = NO;
				ENABLE_STRICT_OBJC_MSGSEND = YES;
				GCC_C_LANGUAGE_STANDARD = gnu11;
				GCC_NO_COMMON_BLOCKS = YES;
				GCC_WARN_64_TO_32_BIT_CONVERSION = YES;
				GCC_WARN_ABOUT_RETURN_TYPE = YES_ERROR;
				GCC_WARN_UNDECLARED_SELECTOR = YES;
				GCC_WARN_UNINITIALIZED_AUTOS = YES_AGGRESSIVE;
				GCC_WARN_UNUSED_FUNCTION = YES;
				GCC_WARN_UNUSED_VARIABLE = YES;
				IPHONEOS_DEPLOYMENT_TARGET = 13.4;
				MTL_ENABLE_DEBUG_INFO = NO;
				MTL_FAST_MATH = YES;
				SDKROOT = iphoneos;
				SWIFT_COMPILATION_MODE = wholemodule;
				SWIFT_OPTIMIZATION_LEVEL = "-O";
				VALIDATE_PRODUCT = YES;
			};
			name = Release;
		};
		A7F1BB5D244A38F400649441 /* Debug */ = {
			isa = XCBuildConfiguration;
			buildSettings = {
				ASSETCATALOG_COMPILER_APPICON_NAME = AppIcon;
				CODE_SIGN_STYLE = Automatic;
				DEVELOPMENT_TEAM = 4BUKN8ST5B;
				INFOPLIST_FILE = "Leo Useless App/Info.plist";
				LD_RUNPATH_SEARCH_PATHS = (
					"$(inherited)",
					"@executable_path/Frameworks",
				);
				PRODUCT_BUNDLE_IDENTIFIER = "LeonardoAOliveira.Leo-Useless-App";
				PRODUCT_NAME = "$(TARGET_NAME)";
				SWIFT_VERSION = 5.0;
				TARGETED_DEVICE_FAMILY = "1,2";
			};
			name = Debug;
		};
		A7F1BB5E244A38F400649441 /* Release */ = {
			isa = XCBuildConfiguration;
			buildSettings = {
				ASSETCATALOG_COMPILER_APPICON_NAME = AppIcon;
				CODE_SIGN_STYLE = Automatic;
				DEVELOPMENT_TEAM = 4BUKN8ST5B;
				INFOPLIST_FILE = "Leo Useless App/Info.plist";
				LD_RUNPATH_SEARCH_PATHS = (
					"$(inherited)",
					"@executable_path/Frameworks",
				);
				PRODUCT_BUNDLE_IDENTIFIER = "LeonardoAOliveira.Leo-Useless-App";
				PRODUCT_NAME = "$(TARGET_NAME)";
				SWIFT_VERSION = 5.0;
				TARGETED_DEVICE_FAMILY = "1,2";
			};
			name = Release;
		};
/* End XCBuildConfiguration section */

/* Begin XCConfigurationList section */
		A7F1BB43244A38F000649441 /* Build configuration list for PBXProject "Leo Useless App" */ = {
			isa = XCConfigurationList;
			buildConfigurations = (
				A7F1BB5A244A38F400649441 /* Debug */,
				A7F1BB5B244A38F400649441 /* Release */,
			);
			defaultConfigurationIsVisible = 0;
			defaultConfigurationName = Release;
		};
		A7F1BB5C244A38F400649441 /* Build configuration list for PBXNativeTarget "Leo Useless App" */ = {
			isa = XCConfigurationList;
			buildConfigurations = (
				A7F1BB5D244A38F400649441 /* Debug */,
				A7F1BB5E244A38F400649441 /* Release */,
			);
			defaultConfigurationIsVisible = 0;
			defaultConfigurationName = Release;
		};
/* End XCConfigurationList section */
	};
	rootObject = A7F1BB40244A38F000649441 /* Project object */;
}
