// !$*UTF8*$!
{
	archiveVersion = 1;
	classes = {
	};
	objectVersion = 50;
	objects = {

/* Begin PBXBuildFile section */
		A70B34EB244A8F74009BD022 /* LeoRoomObjectDetector.mlmodel in Sources */ = {isa = PBXBuildFile; fileRef = A70B34EA244A8F74009BD022 /* LeoRoomObjectDetector.mlmodel */; };
		A760AFE7244FC020002EC4C1 /* Intents.intentdefinition in Sources */ = {isa = PBXBuildFile; fileRef = A760AFEA244FC020002EC4C1 /* Intents.intentdefinition */; };
		A760AFE8244FC020002EC4C1 /* Intents.intentdefinition in Sources */ = {isa = PBXBuildFile; fileRef = A760AFEA244FC020002EC4C1 /* Intents.intentdefinition */; };
		A77A9402244B6CEB007D34B6 /* VisionClassification.swift in Sources */ = {isa = PBXBuildFile; fileRef = A77A9401244B6CEB007D34B6 /* VisionClassification.swift */; };
		A77A9408244B9983007D34B6 /* Utilities.swift in Sources */ = {isa = PBXBuildFile; fileRef = A77A9407244B9983007D34B6 /* Utilities.swift */; };
		A77A940A244BD389007D34B6 /* ARHandler.swift in Sources */ = {isa = PBXBuildFile; fileRef = A77A9409244BD389007D34B6 /* ARHandler.swift */; };
		A7BCF233244E402A00AED7C8 /* Ronaldo1.mp4 in Resources */ = {isa = PBXBuildFile; fileRef = A7BCF22F244E3E2600AED7C8 /* Ronaldo1.mp4 */; };
		A7BCF234244E402A00AED7C8 /* Bola.mp4 in Resources */ = {isa = PBXBuildFile; fileRef = A7BCF22C244E3E0100AED7C8 /* Bola.mp4 */; };
		A7BCF239244E7E6300AED7C8 /* Honda.mp4 in Resources */ = {isa = PBXBuildFile; fileRef = A7BCF235244E5DD700AED7C8 /* Honda.mp4 */; };
		A7BCF23A244E7E6300AED7C8 /* Rogerio.mp4 in Resources */ = {isa = PBXBuildFile; fileRef = A7BCF237244E5DE300AED7C8 /* Rogerio.mp4 */; };
		A7BCF23B244E7E6300AED7C8 /* Senna.mp4 in Resources */ = {isa = PBXBuildFile; fileRef = A7BCF236244E5DDE00AED7C8 /* Senna.mp4 */; };
		A7BCF23C244E7E6300AED7C8 /* SPFC.mp4 in Resources */ = {isa = PBXBuildFile; fileRef = A7BCF238244E5DE600AED7C8 /* SPFC.mp4 */; };
		A7BCF23E244E928300AED7C8 /* Rubinho.mp4 in Resources */ = {isa = PBXBuildFile; fileRef = A7BCF23D244E928300AED7C8 /* Rubinho.mp4 */; };
		A7BCF240244E929200AED7C8 /* Paddock.mp4 in Resources */ = {isa = PBXBuildFile; fileRef = A7BCF23F244E929200AED7C8 /* Paddock.mp4 */; };
		A7BCF242244EBBC000AED7C8 /* Ronaldo2.mp4 in Resources */ = {isa = PBXBuildFile; fileRef = A7BCF241244EBBBF00AED7C8 /* Ronaldo2.mp4 */; };
		A7BCF245244F5A1600AED7C8 /* Ferrari.mp3 in Resources */ = {isa = PBXBuildFile; fileRef = A7BCF243244F5A1500AED7C8 /* Ferrari.mp3 */; };
		A7BCF246244F5A1600AED7C8 /* Fender.mp3 in Resources */ = {isa = PBXBuildFile; fileRef = A7BCF244244F5A1600AED7C8 /* Fender.mp3 */; };
		A7EBF026244F915700226D38 /* IntentHandler.swift in Sources */ = {isa = PBXBuildFile; fileRef = A7EBF025244F915700226D38 /* IntentHandler.swift */; };
		A7EBF03C244F915700226D38 /* IntentLeo.appex in Embed App Extensions */ = {isa = PBXBuildFile; fileRef = A7EBF023244F915700226D38 /* IntentLeo.appex */; settings = {ATTRIBUTES = (RemoveHeadersOnCopy, ); }; };
		A7EBF049244F98ED00226D38 /* FutebolHandler.swift in Sources */ = {isa = PBXBuildFile; fileRef = A7EBF048244F98ED00226D38 /* FutebolHandler.swift */; };
		A7F1BB4C244A38F000649441 /* AppDelegate.swift in Sources */ = {isa = PBXBuildFile; fileRef = A7F1BB4B244A38F000649441 /* AppDelegate.swift */; };
		A7F1BB4E244A38F000649441 /* art.scnassets in Resources */ = {isa = PBXBuildFile; fileRef = A7F1BB4D244A38F000649441 /* art.scnassets */; };
		A7F1BB50244A38F000649441 /* ViewController.swift in Sources */ = {isa = PBXBuildFile; fileRef = A7F1BB4F244A38F000649441 /* ViewController.swift */; };
		A7F1BB53244A38F000649441 /* Main.storyboard in Resources */ = {isa = PBXBuildFile; fileRef = A7F1BB51244A38F000649441 /* Main.storyboard */; };
		A7F1BB55244A38F400649441 /* Assets.xcassets in Resources */ = {isa = PBXBuildFile; fileRef = A7F1BB54244A38F400649441 /* Assets.xcassets */; };
		A7F1BB58244A38F400649441 /* LaunchScreen.storyboard in Resources */ = {isa = PBXBuildFile; fileRef = A7F1BB56244A38F400649441 /* LaunchScreen.storyboard */; };
/* End PBXBuildFile section */

/* Begin PBXContainerItemProxy section */
		A7EBF03A244F915700226D38 /* PBXContainerItemProxy */ = {
			isa = PBXContainerItemProxy;
			containerPortal = A7F1BB40244A38F000649441 /* Project object */;
			proxyType = 1;
			remoteGlobalIDString = A7EBF022244F915700226D38;
			remoteInfo = IntentLeo;
		};
/* End PBXContainerItemProxy section */

/* Begin PBXCopyFilesBuildPhase section */
		A7EBF043244F915700226D38 /* Embed App Extensions */ = {
			isa = PBXCopyFilesBuildPhase;
			buildActionMask = 2147483647;
			dstPath = "";
			dstSubfolderSpec = 13;
			files = (
				A7EBF03C244F915700226D38 /* IntentLeo.appex in Embed App Extensions */,
			);
			name = "Embed App Extensions";
			runOnlyForDeploymentPostprocessing = 0;
		};
/* End PBXCopyFilesBuildPhase section */

/* Begin PBXFileReference section */
		A70B34EA244A8F74009BD022 /* LeoRoomObjectDetector.mlmodel */ = {isa = PBXFileReference; lastKnownFileType = file.mlmodel; path = LeoRoomObjectDetector.mlmodel; sourceTree = "<group>"; };
		A760AFE5244FC012002EC4C1 /* pt-BR */ = {isa = PBXFileReference; lastKnownFileType = text.plist.strings; name = "pt-BR"; path = "pt-BR.lproj/Main.strings"; sourceTree = "<group>"; };
		A760AFE6244FC013002EC4C1 /* pt-BR */ = {isa = PBXFileReference; lastKnownFileType = text.plist.strings; name = "pt-BR"; path = "pt-BR.lproj/LaunchScreen.strings"; sourceTree = "<group>"; };
		A760AFEB244FC032002EC4C1 /* Base */ = {isa = PBXFileReference; lastKnownFileType = file.intentdefinition; name = Base; path = Base.lproj/Intents.intentdefinition; sourceTree = "<group>"; };
		A760AFED244FC039002EC4C1 /* en */ = {isa = PBXFileReference; lastKnownFileType = text.plist.strings; name = en; path = en.lproj/Intents.strings; sourceTree = "<group>"; };
		A760AFEF244FC08C002EC4C1 /* pt-BR */ = {isa = PBXFileReference; lastKnownFileType = text.plist.strings; name = "pt-BR"; path = "pt-BR.lproj/Intents.strings"; sourceTree = "<group>"; };
		A77A9401244B6CEB007D34B6 /* VisionClassification.swift */ = {isa = PBXFileReference; lastKnownFileType = sourcecode.swift; path = VisionClassification.swift; sourceTree = "<group>"; };
		A77A9407244B9983007D34B6 /* Utilities.swift */ = {isa = PBXFileReference; lastKnownFileType = sourcecode.swift; path = Utilities.swift; sourceTree = "<group>"; };
		A77A9409244BD389007D34B6 /* ARHandler.swift */ = {isa = PBXFileReference; lastKnownFileType = sourcecode.swift; path = ARHandler.swift; sourceTree = "<group>"; };
		A7BCF22C244E3E0100AED7C8 /* Bola.mp4 */ = {isa = PBXFileReference; lastKnownFileType = file; path = Bola.mp4; sourceTree = "<group>"; };
		A7BCF22F244E3E2600AED7C8 /* Ronaldo1.mp4 */ = {isa = PBXFileReference; lastKnownFileType = file; path = Ronaldo1.mp4; sourceTree = "<group>"; };
		A7BCF235244E5DD700AED7C8 /* Honda.mp4 */ = {isa = PBXFileReference; lastKnownFileType = file; path = Honda.mp4; sourceTree = "<group>"; };
		A7BCF236244E5DDE00AED7C8 /* Senna.mp4 */ = {isa = PBXFileReference; lastKnownFileType = file; path = Senna.mp4; sourceTree = "<group>"; };
		A7BCF237244E5DE300AED7C8 /* Rogerio.mp4 */ = {isa = PBXFileReference; lastKnownFileType = file; path = Rogerio.mp4; sourceTree = "<group>"; };
		A7BCF238244E5DE600AED7C8 /* SPFC.mp4 */ = {isa = PBXFileReference; lastKnownFileType = file; path = SPFC.mp4; sourceTree = "<group>"; };
		A7BCF23D244E928300AED7C8 /* Rubinho.mp4 */ = {isa = PBXFileReference; lastKnownFileType = file; path = Rubinho.mp4; sourceTree = "<group>"; };
		A7BCF23F244E929200AED7C8 /* Paddock.mp4 */ = {isa = PBXFileReference; lastKnownFileType = file; path = Paddock.mp4; sourceTree = "<group>"; };
		A7BCF241244EBBBF00AED7C8 /* Ronaldo2.mp4 */ = {isa = PBXFileReference; lastKnownFileType = file; path = Ronaldo2.mp4; sourceTree = "<group>"; };
		A7BCF243244F5A1500AED7C8 /* Ferrari.mp3 */ = {isa = PBXFileReference; lastKnownFileType = audio.mp3; path = Ferrari.mp3; sourceTree = "<group>"; };
		A7BCF244244F5A1600AED7C8 /* Fender.mp3 */ = {isa = PBXFileReference; lastKnownFileType = audio.mp3; path = Fender.mp3; sourceTree = "<group>"; };
		A7EBF01C244F8C1300226D38 /* Leo Useless App.entitlements */ = {isa = PBXFileReference; lastKnownFileType = text.plist.entitlements; path = "Leo Useless App.entitlements"; sourceTree = "<group>"; };
		A7EBF023244F915700226D38 /* IntentLeo.appex */ = {isa = PBXFileReference; explicitFileType = "wrapper.app-extension"; includeInIndex = 0; path = IntentLeo.appex; sourceTree = BUILT_PRODUCTS_DIR; };
		A7EBF025244F915700226D38 /* IntentHandler.swift */ = {isa = PBXFileReference; lastKnownFileType = sourcecode.swift; path = IntentHandler.swift; sourceTree = "<group>"; };
		A7EBF027244F915700226D38 /* Info.plist */ = {isa = PBXFileReference; lastKnownFileType = text.plist.xml; path = Info.plist; sourceTree = "<group>"; };
		A7EBF02E244F915700226D38 /* IntentsUI.framework */ = {isa = PBXFileReference; lastKnownFileType = wrapper.framework; name = IntentsUI.framework; path = System/Library/Frameworks/IntentsUI.framework; sourceTree = SDKROOT; };
		A7EBF048244F98ED00226D38 /* FutebolHandler.swift */ = {isa = PBXFileReference; lastKnownFileType = sourcecode.swift; path = FutebolHandler.swift; sourceTree = "<group>"; };
		A7F1BB48244A38F000649441 /* Leo's App.app */ = {isa = PBXFileReference; explicitFileType = wrapper.application; includeInIndex = 0; path = "Leo's App.app"; sourceTree = BUILT_PRODUCTS_DIR; };
		A7F1BB4B244A38F000649441 /* AppDelegate.swift */ = {isa = PBXFileReference; lastKnownFileType = sourcecode.swift; path = AppDelegate.swift; sourceTree = "<group>"; };
		A7F1BB4D244A38F000649441 /* art.scnassets */ = {isa = PBXFileReference; lastKnownFileType = wrapper.scnassets; path = art.scnassets; sourceTree = "<group>"; };
		A7F1BB4F244A38F000649441 /* ViewController.swift */ = {isa = PBXFileReference; lastKnownFileType = sourcecode.swift; path = ViewController.swift; sourceTree = "<group>"; };
		A7F1BB52244A38F000649441 /* Base */ = {isa = PBXFileReference; lastKnownFileType = file.storyboard; name = Base; path = Base.lproj/Main.storyboard; sourceTree = "<group>"; };
		A7F1BB54244A38F400649441 /* Assets.xcassets */ = {isa = PBXFileReference; lastKnownFileType = folder.assetcatalog; path = Assets.xcassets; sourceTree = "<group>"; };
		A7F1BB57244A38F400649441 /* Base */ = {isa = PBXFileReference; lastKnownFileType = file.storyboard; name = Base; path = Base.lproj/LaunchScreen.storyboard; sourceTree = "<group>"; };
		A7F1BB59244A38F400649441 /* Info.plist */ = {isa = PBXFileReference; lastKnownFileType = text.plist.xml; path = Info.plist; sourceTree = "<group>"; };
/* End PBXFileReference section */

/* Begin PBXFrameworksBuildPhase section */
		A7EBF020244F915700226D38 /* Frameworks */ = {
			isa = PBXFrameworksBuildPhase;
			buildActionMask = 2147483647;
			files = (
			);
			runOnlyForDeploymentPostprocessing = 0;
		};
		A7F1BB45244A38F000649441 /* Frameworks */ = {
			isa = PBXFrameworksBuildPhase;
			buildActionMask = 2147483647;
			files = (
			);
			runOnlyForDeploymentPostprocessing = 0;
		};
/* End PBXFrameworksBuildPhase section */

/* Begin PBXGroup section */
		A70B350C244A9466009BD022 /* Controller */ = {
			isa = PBXGroup;
			children = (
				A7F1BB4F244A38F000649441 /* ViewController.swift */,
				A77A9409244BD389007D34B6 /* ARHandler.swift */,
				A77A9401244B6CEB007D34B6 /* VisionClassification.swift */,
				A77A9407244B9983007D34B6 /* Utilities.swift */,
			);
			path = Controller;
			sourceTree = "<group>";
		};
		A7EBF024244F915700226D38 /* IntentLeo */ = {
			isa = PBXGroup;
			children = (
				A760AFEA244FC020002EC4C1 /* Intents.intentdefinition */,
				A7EBF025244F915700226D38 /* IntentHandler.swift */,
				A7EBF048244F98ED00226D38 /* FutebolHandler.swift */,
				A7EBF027244F915700226D38 /* Info.plist */,
			);
			path = IntentLeo;
			sourceTree = "<group>";
		};
		A7EBF02D244F915700226D38 /* Frameworks */ = {
			isa = PBXGroup;
			children = (
				A7EBF02E244F915700226D38 /* IntentsUI.framework */,
			);
			name = Frameworks;
			sourceTree = "<group>";
		};
		A7F1BB3F244A38F000649441 = {
			isa = PBXGroup;
			children = (
				A7F1BB4A244A38F000649441 /* Leo Useless App */,
				A7EBF024244F915700226D38 /* IntentLeo */,
				A7EBF02D244F915700226D38 /* Frameworks */,
				A7F1BB49244A38F000649441 /* Products */,
			);
			sourceTree = "<group>";
		};
		A7F1BB49244A38F000649441 /* Products */ = {
			isa = PBXGroup;
			children = (
				A7F1BB48244A38F000649441 /* Leo's App.app */,
				A7EBF023244F915700226D38 /* IntentLeo.appex */,
			);
			name = Products;
			sourceTree = "<group>";
		};
		A7F1BB4A244A38F000649441 /* Leo Useless App */ = {
			isa = PBXGroup;
			children = (
				A7EBF01C244F8C1300226D38 /* Leo Useless App.entitlements */,
				A7F1BB4B244A38F000649441 /* AppDelegate.swift */,
				A7F1BB4D244A38F000649441 /* art.scnassets */,
				A70B350C244A9466009BD022 /* Controller */,
				A7F1BB51244A38F000649441 /* Main.storyboard */,
				A7F1BB54244A38F400649441 /* Assets.xcassets */,
				A70B34EA244A8F74009BD022 /* LeoRoomObjectDetector.mlmodel */,
				A7BCF22F244E3E2600AED7C8 /* Ronaldo1.mp4 */,
				A7BCF241244EBBBF00AED7C8 /* Ronaldo2.mp4 */,
				A7BCF22C244E3E0100AED7C8 /* Bola.mp4 */,
				A7BCF235244E5DD700AED7C8 /* Honda.mp4 */,
				A7BCF237244E5DE300AED7C8 /* Rogerio.mp4 */,
				A7BCF236244E5DDE00AED7C8 /* Senna.mp4 */,
				A7BCF238244E5DE600AED7C8 /* SPFC.mp4 */,
				A7BCF23D244E928300AED7C8 /* Rubinho.mp4 */,
				A7BCF23F244E929200AED7C8 /* Paddock.mp4 */,
				A7BCF244244F5A1600AED7C8 /* Fender.mp3 */,
				A7BCF243244F5A1500AED7C8 /* Ferrari.mp3 */,
				A7F1BB56244A38F400649441 /* LaunchScreen.storyboard */,
				A7F1BB59244A38F400649441 /* Info.plist */,
			);
			path = "Leo Useless App";
			sourceTree = "<group>";
		};
/* End PBXGroup section */

/* Begin PBXNativeTarget section */
		A7EBF022244F915700226D38 /* IntentLeo */ = {
			isa = PBXNativeTarget;
			buildConfigurationList = A7EBF040244F915700226D38 /* Build configuration list for PBXNativeTarget "IntentLeo" */;
			buildPhases = (
				A7EBF01F244F915700226D38 /* Sources */,
				A7EBF020244F915700226D38 /* Frameworks */,
				A7EBF021244F915700226D38 /* Resources */,
			);
			buildRules = (
			);
			dependencies = (
			);
			name = IntentLeo;
			productName = IntentLeo;
			productReference = A7EBF023244F915700226D38 /* IntentLeo.appex */;
			productType = "com.apple.product-type.app-extension";
		};
		A7F1BB47244A38F000649441 /* Leo Useless App */ = {
			isa = PBXNativeTarget;
			buildConfigurationList = A7F1BB5C244A38F400649441 /* Build configuration list for PBXNativeTarget "Leo Useless App" */;
			buildPhases = (
				A7F1BB44244A38F000649441 /* Sources */,
				A7F1BB45244A38F000649441 /* Frameworks */,
				A7F1BB46244A38F000649441 /* Resources */,
				A7EBF043244F915700226D38 /* Embed App Extensions */,
			);
			buildRules = (
			);
			dependencies = (
				A7EBF03B244F915700226D38 /* PBXTargetDependency */,
			);
			name = "Leo Useless App";
			productName = "Leo Useless App";
			productReference = A7F1BB48244A38F000649441 /* Leo's App.app */;
			productType = "com.apple.product-type.application";
		};
/* End PBXNativeTarget section */

/* Begin PBXProject section */
		A7F1BB40244A38F000649441 /* Project object */ = {
			isa = PBXProject;
			attributes = {
				LastSwiftUpdateCheck = 1140;
				LastUpgradeCheck = 1140;
				ORGANIZATIONNAME = "Leonardo Oliveira";
				TargetAttributes = {
					A7EBF022244F915700226D38 = {
						CreatedOnToolsVersion = 11.4.1;
					};
					A7F1BB47244A38F000649441 = {
						CreatedOnToolsVersion = 11.4.1;
					};
				};
			};
			buildConfigurationList = A7F1BB43244A38F000649441 /* Build configuration list for PBXProject "Leo Useless App" */;
			compatibilityVersion = "Xcode 9.3";
			developmentRegion = en;
			hasScannedForEncodings = 0;
			knownRegions = (
				en,
				Base,
				"pt-BR",
			);
			mainGroup = A7F1BB3F244A38F000649441;
			productRefGroup = A7F1BB49244A38F000649441 /* Products */;
			projectDirPath = "";
			projectRoot = "";
			targets = (
				A7F1BB47244A38F000649441 /* Leo Useless App */,
				A7EBF022244F915700226D38 /* IntentLeo */,
			);
		};
/* End PBXProject section */

/* Begin PBXResourcesBuildPhase section */
		A7EBF021244F915700226D38 /* Resources */ = {
			isa = PBXResourcesBuildPhase;
			buildActionMask = 2147483647;
			files = (
			);
			runOnlyForDeploymentPostprocessing = 0;
		};
		A7F1BB46244A38F000649441 /* Resources */ = {
			isa = PBXResourcesBuildPhase;
			buildActionMask = 2147483647;
			files = (
				A7BCF239244E7E6300AED7C8 /* Honda.mp4 in Resources */,
				A7BCF246244F5A1600AED7C8 /* Fender.mp3 in Resources */,
				A7BCF23A244E7E6300AED7C8 /* Rogerio.mp4 in Resources */,
				A7BCF23B244E7E6300AED7C8 /* Senna.mp4 in Resources */,
				A7BCF242244EBBC000AED7C8 /* Ronaldo2.mp4 in Resources */,
				A7BCF23C244E7E6300AED7C8 /* SPFC.mp4 in Resources */,
				A7BCF233244E402A00AED7C8 /* Ronaldo1.mp4 in Resources */,
				A7BCF234244E402A00AED7C8 /* Bola.mp4 in Resources */,
				A7BCF23E244E928300AED7C8 /* Rubinho.mp4 in Resources */,
				A7BCF245244F5A1600AED7C8 /* Ferrari.mp3 in Resources */,
				A7F1BB4E244A38F000649441 /* art.scnassets in Resources */,
				A7BCF240244E929200AED7C8 /* Paddock.mp4 in Resources */,
				A7F1BB58244A38F400649441 /* LaunchScreen.storyboard in Resources */,
				A7F1BB55244A38F400649441 /* Assets.xcassets in Resources */,
				A7F1BB53244A38F000649441 /* Main.storyboard in Resources */,
			);
			runOnlyForDeploymentPostprocessing = 0;
		};
/* End PBXResourcesBuildPhase section */

/* Begin PBXSourcesBuildPhase section */
		A7EBF01F244F915700226D38 /* Sources */ = {
			isa = PBXSourcesBuildPhase;
			buildActionMask = 2147483647;
			files = (
				A7EBF049244F98ED00226D38 /* FutebolHandler.swift in Sources */,
				A760AFE8244FC020002EC4C1 /* Intents.intentdefinition in Sources */,
				A7EBF026244F915700226D38 /* IntentHandler.swift in Sources */,
			);
			runOnlyForDeploymentPostprocessing = 0;
		};
		A7F1BB44244A38F000649441 /* Sources */ = {
			isa = PBXSourcesBuildPhase;
			buildActionMask = 2147483647;
			files = (
				A760AFE7244FC020002EC4C1 /* Intents.intentdefinition in Sources */,
				A77A9408244B9983007D34B6 /* Utilities.swift in Sources */,
				A70B34EB244A8F74009BD022 /* LeoRoomObjectDetector.mlmodel in Sources */,
				A77A9402244B6CEB007D34B6 /* VisionClassification.swift in Sources */,
				A7F1BB50244A38F000649441 /* ViewController.swift in Sources */,
				A7F1BB4C244A38F000649441 /* AppDelegate.swift in Sources */,
				A77A940A244BD389007D34B6 /* ARHandler.swift in Sources */,
			);
			runOnlyForDeploymentPostprocessing = 0;
		};
/* End PBXSourcesBuildPhase section */

/* Begin PBXTargetDependency section */
		A7EBF03B244F915700226D38 /* PBXTargetDependency */ = {
			isa = PBXTargetDependency;
			target = A7EBF022244F915700226D38 /* IntentLeo */;
			targetProxy = A7EBF03A244F915700226D38 /* PBXContainerItemProxy */;
		};
/* End PBXTargetDependency section */

/* Begin PBXVariantGroup section */
		A760AFEA244FC020002EC4C1 /* Intents.intentdefinition */ = {
			isa = PBXVariantGroup;
			children = (
				A760AFEB244FC032002EC4C1 /* Base */,
				A760AFED244FC039002EC4C1 /* en */,
				A760AFEF244FC08C002EC4C1 /* pt-BR */,
			);
			name = Intents.intentdefinition;
			sourceTree = "<group>";
		};
		A7F1BB51244A38F000649441 /* Main.storyboard */ = {
			isa = PBXVariantGroup;
			children = (
				A7F1BB52244A38F000649441 /* Base */,
				A760AFE5244FC012002EC4C1 /* pt-BR */,
			);
			name = Main.storyboard;
			sourceTree = "<group>";
		};
		A7F1BB56244A38F400649441 /* LaunchScreen.storyboard */ = {
			isa = PBXVariantGroup;
			children = (
				A7F1BB57244A38F400649441 /* Base */,
				A760AFE6244FC013002EC4C1 /* pt-BR */,
			);
			name = LaunchScreen.storyboard;
			sourceTree = "<group>";
		};
/* End PBXVariantGroup section */

/* Begin XCBuildConfiguration section */
		A7EBF041244F915700226D38 /* Debug */ = {
			isa = XCBuildConfiguration;
			buildSettings = {
				CODE_SIGN_STYLE = Automatic;
				DEVELOPMENT_TEAM = 4BUKN8ST5B;
				INFOPLIST_FILE = IntentLeo/Info.plist;
				LD_RUNPATH_SEARCH_PATHS = (
					"$(inherited)",
					"@executable_path/Frameworks",
					"@executable_path/../../Frameworks",
				);
				PRODUCT_BUNDLE_IDENTIFIER = "LeonardoAOliveira.Leo-Useless-App.IntentLeo";
				PRODUCT_NAME = "$(TARGET_NAME)";
				SKIP_INSTALL = YES;
				SWIFT_VERSION = 5.0;
				TARGETED_DEVICE_FAMILY = "1,2";
			};
			name = Debug;
		};
		A7EBF042244F915700226D38 /* Release */ = {
			isa = XCBuildConfiguration;
			buildSettings = {
				CODE_SIGN_STYLE = Automatic;
				DEVELOPMENT_TEAM = 4BUKN8ST5B;
				INFOPLIST_FILE = IntentLeo/Info.plist;
				LD_RUNPATH_SEARCH_PATHS = (
					"$(inherited)",
					"@executable_path/Frameworks",
					"@executable_path/../../Frameworks",
				);
				PRODUCT_BUNDLE_IDENTIFIER = "LeonardoAOliveira.Leo-Useless-App.IntentLeo";
				PRODUCT_NAME = "$(TARGET_NAME)";
				SKIP_INSTALL = YES;
				SWIFT_VERSION = 5.0;
				TARGETED_DEVICE_FAMILY = "1,2";
			};
			name = Release;
		};
		A7F1BB5A244A38F400649441 /* Debug */ = {
			isa = XCBuildConfiguration;
			buildSettings = {
				ALWAYS_SEARCH_USER_PATHS = NO;
				CLANG_ANALYZER_LOCALIZABILITY_NONLOCALIZED = YES;
				CLANG_ANALYZER_NONNULL = YES;
				CLANG_ANALYZER_NUMBER_OBJECT_CONVERSION = YES_AGGRESSIVE;
				CLANG_CXX_LANGUAGE_STANDARD = "gnu++14";
				CLANG_CXX_LIBRARY = "libc++";
				CLANG_ENABLE_MODULES = YES;
				CLANG_ENABLE_OBJC_ARC = YES;
				CLANG_ENABLE_OBJC_WEAK = YES;
				CLANG_WARN_BLOCK_CAPTURE_AUTORELEASING = YES;
				CLANG_WARN_BOOL_CONVERSION = YES;
				CLANG_WARN_COMMA = YES;
				CLANG_WARN_CONSTANT_CONVERSION = YES;
				CLANG_WARN_DEPRECATED_OBJC_IMPLEMENTATIONS = YES;
				CLANG_WARN_DIRECT_OBJC_ISA_USAGE = YES_ERROR;
				CLANG_WARN_DOCUMENTATION_COMMENTS = YES;
				CLANG_WARN_EMPTY_BODY = YES;
				CLANG_WARN_ENUM_CONVERSION = YES;
				CLANG_WARN_INFINITE_RECURSION = YES;
				CLANG_WARN_INT_CONVERSION = YES;
				CLANG_WARN_NON_LITERAL_NULL_CONVERSION = YES;
				CLANG_WARN_OBJC_IMPLICIT_RETAIN_SELF = YES;
				CLANG_WARN_OBJC_LITERAL_CONVERSION = YES;
				CLANG_WARN_OBJC_ROOT_CLASS = YES_ERROR;
				CLANG_WARN_RANGE_LOOP_ANALYSIS = YES;
				CLANG_WARN_STRICT_PROTOTYPES = YES;
				CLANG_WARN_SUSPICIOUS_MOVE = YES;
				CLANG_WARN_UNGUARDED_AVAILABILITY = YES_AGGRESSIVE;
				CLANG_WARN_UNREACHABLE_CODE = YES;
				CLANG_WARN__DUPLICATE_METHOD_MATCH = YES;
				COPY_PHASE_STRIP = NO;
				DEBUG_INFORMATION_FORMAT = dwarf;
				ENABLE_STRICT_OBJC_MSGSEND = YES;
				ENABLE_TESTABILITY = YES;
				GCC_C_LANGUAGE_STANDARD = gnu11;
				GCC_DYNAMIC_NO_PIC = NO;
				GCC_NO_COMMON_BLOCKS = YES;
				GCC_OPTIMIZATION_LEVEL = 0;
				GCC_PREPROCESSOR_DEFINITIONS = (
					"DEBUG=1",
					"$(inherited)",
				);
				GCC_WARN_64_TO_32_BIT_CONVERSION = YES;
				GCC_WARN_ABOUT_RETURN_TYPE = YES_ERROR;
				GCC_WARN_UNDECLARED_SELECTOR = YES;
				GCC_WARN_UNINITIALIZED_AUTOS = YES_AGGRESSIVE;
				GCC_WARN_UNUSED_FUNCTION = YES;
				GCC_WARN_UNUSED_VARIABLE = YES;
				IPHONEOS_DEPLOYMENT_TARGET = 13.4;
				MTL_ENABLE_DEBUG_INFO = INCLUDE_SOURCE;
				MTL_FAST_MATH = YES;
				ONLY_ACTIVE_ARCH = YES;
				SDKROOT = iphoneos;
				SWIFT_ACTIVE_COMPILATION_CONDITIONS = DEBUG;
				SWIFT_OPTIMIZATION_LEVEL = "-Onone";
			};
			name = Debug;
		};
		A7F1BB5B244A38F400649441 /* Release */ = {
			isa = XCBuildConfiguration;
			buildSettings = {
				ALWAYS_SEARCH_USER_PATHS = NO;
				CLANG_ANALYZER_LOCALIZABILITY_NONLOCALIZED = YES;
				CLANG_ANALYZER_NONNULL = YES;
				CLANG_ANALYZER_NUMBER_OBJECT_CONVERSION = YES_AGGRESSIVE;
				CLANG_CXX_LANGUAGE_STANDARD = "gnu++14";
				CLANG_CXX_LIBRARY = "libc++";
				CLANG_ENABLE_MODULES = YES;
				CLANG_ENABLE_OBJC_ARC = YES;
				CLANG_ENABLE_OBJC_WEAK = YES;
				CLANG_WARN_BLOCK_CAPTURE_AUTORELEASING = YES;
				CLANG_WARN_BOOL_CONVERSION = YES;
				CLANG_WARN_COMMA = YES;
				CLANG_WARN_CONSTANT_CONVERSION = YES;
				CLANG_WARN_DEPRECATED_OBJC_IMPLEMENTATIONS = YES;
				CLANG_WARN_DIRECT_OBJC_ISA_USAGE = YES_ERROR;
				CLANG_WARN_DOCUMENTATION_COMMENTS = YES;
				CLANG_WARN_EMPTY_BODY = YES;
				CLANG_WARN_ENUM_CONVERSION = YES;
				CLANG_WARN_INFINITE_RECURSION = YES;
				CLANG_WARN_INT_CONVERSION = YES;
				CLANG_WARN_NON_LITERAL_NULL_CONVERSION = YES;
				CLANG_WARN_OBJC_IMPLICIT_RETAIN_SELF = YES;
				CLANG_WARN_OBJC_LITERAL_CONVERSION = YES;
				CLANG_WARN_OBJC_ROOT_CLASS = YES_ERROR;
				CLANG_WARN_RANGE_LOOP_ANALYSIS = YES;
				CLANG_WARN_STRICT_PROTOTYPES = YES;
				CLANG_WARN_SUSPICIOUS_MOVE = YES;
				CLANG_WARN_UNGUARDED_AVAILABILITY = YES_AGGRESSIVE;
				CLANG_WARN_UNREACHABLE_CODE = YES;
				CLANG_WARN__DUPLICATE_METHOD_MATCH = YES;
				COPY_PHASE_STRIP = NO;
				DEBUG_INFORMATION_FORMAT = "dwarf-with-dsym";
				ENABLE_NS_ASSERTIONS = NO;
				ENABLE_STRICT_OBJC_MSGSEND = YES;
				GCC_C_LANGUAGE_STANDARD = gnu11;
				GCC_NO_COMMON_BLOCKS = YES;
				GCC_WARN_64_TO_32_BIT_CONVERSION = YES;
				GCC_WARN_ABOUT_RETURN_TYPE = YES_ERROR;
				GCC_WARN_UNDECLARED_SELECTOR = YES;
				GCC_WARN_UNINITIALIZED_AUTOS = YES_AGGRESSIVE;
				GCC_WARN_UNUSED_FUNCTION = YES;
				GCC_WARN_UNUSED_VARIABLE = YES;
				IPHONEOS_DEPLOYMENT_TARGET = 13.4;
				MTL_ENABLE_DEBUG_INFO = NO;
				MTL_FAST_MATH = YES;
				SDKROOT = iphoneos;
				SWIFT_COMPILATION_MODE = wholemodule;
				SWIFT_OPTIMIZATION_LEVEL = "-O";
				VALIDATE_PRODUCT = YES;
			};
			name = Release;
		};
		A7F1BB5D244A38F400649441 /* Debug */ = {
			isa = XCBuildConfiguration;
			buildSettings = {
				ALWAYS_EMBED_SWIFT_STANDARD_LIBRARIES = YES;
				ASSETCATALOG_COMPILER_APPICON_NAME = AppIcon;
				CODE_SIGN_ENTITLEMENTS = "Leo Useless App/Leo Useless App.entitlements";
				CODE_SIGN_STYLE = Automatic;
				DEVELOPMENT_TEAM = 4BUKN8ST5B;
				INFOPLIST_FILE = "Leo Useless App/Info.plist";
				LD_RUNPATH_SEARCH_PATHS = (
					"$(inherited)",
					"@executable_path/Frameworks",
				);
				PRODUCT_BUNDLE_IDENTIFIER = "LeonardoAOliveira.Leo-Useless-App";
				PRODUCT_NAME = "Leo's App";
				SWIFT_VERSION = 5.0;
				TARGETED_DEVICE_FAMILY = "1,2";
			};
			name = Debug;
		};
		A7F1BB5E244A38F400649441 /* Release */ = {
			isa = XCBuildConfiguration;
			buildSettings = {
				ALWAYS_EMBED_SWIFT_STANDARD_LIBRARIES = YES;
				ASSETCATALOG_COMPILER_APPICON_NAME = AppIcon;
				CODE_SIGN_ENTITLEMENTS = "Leo Useless App/Leo Useless App.entitlements";
				CODE_SIGN_STYLE = Automatic;
				DEVELOPMENT_TEAM = 4BUKN8ST5B;
				INFOPLIST_FILE = "Leo Useless App/Info.plist";
				LD_RUNPATH_SEARCH_PATHS = (
					"$(inherited)",
					"@executable_path/Frameworks",
				);
				PRODUCT_BUNDLE_IDENTIFIER = "LeonardoAOliveira.Leo-Useless-App";
				PRODUCT_NAME = "Leo's App";
				SWIFT_VERSION = 5.0;
				TARGETED_DEVICE_FAMILY = "1,2";
			};
			name = Release;
		};
/* End XCBuildConfiguration section */

/* Begin XCConfigurationList section */
		A7EBF040244F915700226D38 /* Build configuration list for PBXNativeTarget "IntentLeo" */ = {
			isa = XCConfigurationList;
			buildConfigurations = (
				A7EBF041244F915700226D38 /* Debug */,
				A7EBF042244F915700226D38 /* Release */,
			);
			defaultConfigurationIsVisible = 0;
			defaultConfigurationName = Release;
		};
		A7F1BB43244A38F000649441 /* Build configuration list for PBXProject "Leo Useless App" */ = {
			isa = XCConfigurationList;
			buildConfigurations = (
				A7F1BB5A244A38F400649441 /* Debug */,
				A7F1BB5B244A38F400649441 /* Release */,
			);
			defaultConfigurationIsVisible = 0;
			defaultConfigurationName = Release;
		};
		A7F1BB5C244A38F400649441 /* Build configuration list for PBXNativeTarget "Leo Useless App" */ = {
			isa = XCConfigurationList;
			buildConfigurations = (
				A7F1BB5D244A38F400649441 /* Debug */,
				A7F1BB5E244A38F400649441 /* Release */,
			);
			defaultConfigurationIsVisible = 0;
			defaultConfigurationName = Release;
		};
/* End XCConfigurationList section */
	};
	rootObject = A7F1BB40244A38F000649441 /* Project object */;
}
